
Microsoft Visual Studio Solution File, Format Version 12.00
# Visual Studio Version 16
VisualStudioVersion = 16.0.29009.5
MinimumVisualStudioVersion = 10.0.40219.1
Project("{888888A0-9F3D-457C-B088-3A5042F75D52}") = "volumeControl", "volumeControl.pyproj", "{82523063-F9D1-4444-899C-4CC6B0FFC015}"
EndProject
Global
	GlobalSection(SolutionConfigurationPlatforms) = preSolution
		Debug|Any CPU = Debug|Any CPU
		Release|Any CPU = Release|Any CPU
	EndGlobalSection
	GlobalSection(ProjectConfigurationPlatforms) = postSolution
		{82523063-F9D1-4444-899C-4CC6B0FFC015}.Debug|Any CPU.ActiveCfg = Debug|Any CPU
		{82523063-F9D1-4444-899C-4CC6B0FFC015}.Release|Any CPU.ActiveCfg = Release|Any CPU
	EndGlobalSection
	GlobalSection(SolutionProperties) = preSolution
		HideSolutionNode = FALSE
	EndGlobalSection
	GlobalSection(ExtensibilityGlobals) = postSolution
		SolutionGuid = {E9F0AA58-B651-492D-9187-A00E19F60A5B}
	EndGlobalSection
EndGlobal
